// !$*UTF8*$!
{
	archiveVersion = 1;
	classes = {
	};
	objectVersion = 50;
	objects = {

/* Begin PBXBuildFile section */
		E077229F216D6B4B00036568 /* FileTests.swift in Sources */ = {isa = PBXBuildFile; fileRef = E077229E216D6B4B00036568 /* FileTests.swift */; };
		E07722A6216D6BB000036568 /* File.swift in Sources */ = {isa = PBXBuildFile; fileRef = E09BD65121698182009230EB /* File.swift */; };
		E09BD64021698148009230EB /* AppDelegate.swift in Sources */ = {isa = PBXBuildFile; fileRef = E09BD63F21698148009230EB /* AppDelegate.swift */; };
		E09BD64221698148009230EB /* ViewController.swift in Sources */ = {isa = PBXBuildFile; fileRef = E09BD64121698148009230EB /* ViewController.swift */; };
		E09BD64521698148009230EB /* Main.storyboard in Resources */ = {isa = PBXBuildFile; fileRef = E09BD64321698148009230EB /* Main.storyboard */; };
		E09BD6472169814A009230EB /* Assets.xcassets in Resources */ = {isa = PBXBuildFile; fileRef = E09BD6462169814A009230EB /* Assets.xcassets */; };
		E09BD64A2169814A009230EB /* LaunchScreen.storyboard in Resources */ = {isa = PBXBuildFile; fileRef = E09BD6482169814A009230EB /* LaunchScreen.storyboard */; };
		E09BD65221698182009230EB /* File.swift in Sources */ = {isa = PBXBuildFile; fileRef = E09BD65121698182009230EB /* File.swift */; };
		E09BD654216981C6009230EB /* SampleData.swift in Sources */ = {isa = PBXBuildFile; fileRef = E09BD653216981C6009230EB /* SampleData.swift */; };
/* End PBXBuildFile section */

/* Begin PBXContainerItemProxy section */
		E07722A1216D6B4B00036568 /* PBXContainerItemProxy */ = {
			isa = PBXContainerItemProxy;
			containerPortal = E09BD63421698148009230EB /* Project object */;
			proxyType = 1;
			remoteGlobalIDString = E09BD63B21698148009230EB;
			remoteInfo = File;
		};
/* End PBXContainerItemProxy section */

/* Begin PBXFileReference section */
		E077229C216D6B4B00036568 /* FileTests.xctest */ = {isa = PBXFileReference; explicitFileType = wrapper.cfbundle; includeInIndex = 0; path = FileTests.xctest; sourceTree = BUILT_PRODUCTS_DIR; };
		E077229E216D6B4B00036568 /* FileTests.swift */ = {isa = PBXFileReference; lastKnownFileType = sourcecode.swift; path = FileTests.swift; sourceTree = "<group>"; };
		E07722A0216D6B4B00036568 /* Info.plist */ = {isa = PBXFileReference; lastKnownFileType = text.plist.xml; path = Info.plist; sourceTree = "<group>"; };
		E09BD63C21698148009230EB /* File.app */ = {isa = PBXFileReference; explicitFileType = wrapper.application; includeInIndex = 0; path = File.app; sourceTree = BUILT_PRODUCTS_DIR; };
		E09BD63F21698148009230EB /* AppDelegate.swift */ = {isa = PBXFileReference; lastKnownFileType = sourcecode.swift; path = AppDelegate.swift; sourceTree = "<group>"; };
		E09BD64121698148009230EB /* ViewController.swift */ = {isa = PBXFileReference; lastKnownFileType = sourcecode.swift; path = ViewController.swift; sourceTree = "<group>"; };
		E09BD64421698148009230EB /* Base */ = {isa = PBXFileReference; lastKnownFileType = file.storyboard; name = Base; path = Base.lproj/Main.storyboard; sourceTree = "<group>"; };
		E09BD6462169814A009230EB /* Assets.xcassets */ = {isa = PBXFileReference; lastKnownFileType = folder.assetcatalog; path = Assets.xcassets; sourceTree = "<group>"; };
		E09BD6492169814A009230EB /* Base */ = {isa = PBXFileReference; lastKnownFileType = file.storyboard; name = Base; path = Base.lproj/LaunchScreen.storyboard; sourceTree = "<group>"; };
		E09BD64B2169814A009230EB /* Info.plist */ = {isa = PBXFileReference; lastKnownFileType = text.plist.xml; path = Info.plist; sourceTree = "<group>"; };
		E09BD65121698182009230EB /* File.swift */ = {isa = PBXFileReference; lastKnownFileType = sourcecode.swift; path = File.swift; sourceTree = "<group>"; };
		E09BD653216981C6009230EB /* SampleData.swift */ = {isa = PBXFileReference; lastKnownFileType = sourcecode.swift; path = SampleData.swift; sourceTree = "<group>"; };
/* End PBXFileReference section */

/* Begin PBXFrameworksBuildPhase section */
		E0772299216D6B4B00036568 /* Frameworks */ = {
			isa = PBXFrameworksBuildPhase;
			buildActionMask = 2147483647;
			files = (
			);
			runOnlyForDeploymentPostprocessing = 0;
		};
		E09BD63921698148009230EB /* Frameworks */ = {
			isa = PBXFrameworksBuildPhase;
			buildActionMask = 2147483647;
			files = (
			);
			runOnlyForDeploymentPostprocessing = 0;
		};
/* End PBXFrameworksBuildPhase section */

/* Begin PBXGroup section */
		E077229D216D6B4B00036568 /* FileTests */ = {
			isa = PBXGroup;
			children = (
				E077229E216D6B4B00036568 /* FileTests.swift */,
				E07722A0216D6B4B00036568 /* Info.plist */,
			);
			path = FileTests;
			sourceTree = "<group>";
		};
		E09BD63321698148009230EB = {
			isa = PBXGroup;
			children = (
				E09BD63E21698148009230EB /* File */,
				E077229D216D6B4B00036568 /* FileTests */,
				E09BD63D21698148009230EB /* Products */,
			);
			sourceTree = "<group>";
		};
		E09BD63D21698148009230EB /* Products */ = {
			isa = PBXGroup;
			children = (
				E09BD63C21698148009230EB /* File.app */,
				E077229C216D6B4B00036568 /* FileTests.xctest */,
			);
			name = Products;
			sourceTree = "<group>";
		};
		E09BD63E21698148009230EB /* File */ = {
			isa = PBXGroup;
			children = (
				E09BD65121698182009230EB /* File.swift */,
				E09BD653216981C6009230EB /* SampleData.swift */,
				E09BD64121698148009230EB /* ViewController.swift */,
				E09BD65521698552009230EB /* Misc */,
				E09BD64B2169814A009230EB /* Info.plist */,
			);
			path = File;
			sourceTree = "<group>";
		};
		E09BD65521698552009230EB /* Misc */ = {
			isa = PBXGroup;
			children = (
				E09BD63F21698148009230EB /* AppDelegate.swift */,
				E09BD64321698148009230EB /* Main.storyboard */,
				E09BD6462169814A009230EB /* Assets.xcassets */,
				E09BD6482169814A009230EB /* LaunchScreen.storyboard */,
			);
			path = Misc;
			sourceTree = "<group>";
		};
/* End PBXGroup section */

/* Begin PBXNativeTarget section */
		E077229B216D6B4B00036568 /* FileTests */ = {
			isa = PBXNativeTarget;
			buildConfigurationList = E07722A5216D6B4B00036568 /* Build configuration list for PBXNativeTarget "FileTests" */;
			buildPhases = (
				E0772298216D6B4B00036568 /* Sources */,
				E0772299216D6B4B00036568 /* Frameworks */,
				E077229A216D6B4B00036568 /* Resources */,
			);
			buildRules = (
			);
			dependencies = (
				E07722A2216D6B4B00036568 /* PBXTargetDependency */,
			);
			name = FileTests;
			productName = FileTests;
			productReference = E077229C216D6B4B00036568 /* FileTests.xctest */;
			productType = "com.apple.product-type.bundle.unit-test";
		};
		E09BD63B21698148009230EB /* File */ = {
			isa = PBXNativeTarget;
			buildConfigurationList = E09BD64E2169814A009230EB /* Build configuration list for PBXNativeTarget "File" */;
			buildPhases = (
				E09BD63821698148009230EB /* Sources */,
				E09BD63921698148009230EB /* Frameworks */,
				E09BD63A21698148009230EB /* Resources */,
			);
			buildRules = (
			);
			dependencies = (
			);
			name = File;
			productName = File;
			productReference = E09BD63C21698148009230EB /* File.app */;
			productType = "com.apple.product-type.application";
		};
/* End PBXNativeTarget section */

/* Begin PBXProject section */
		E09BD63421698148009230EB /* Project object */ = {
			isa = PBXProject;
			attributes = {
				LastSwiftUpdateCheck = 1000;
				LastUpgradeCheck = 1000;
				ORGANIZATIONNAME = "Corey Davis";
				TargetAttributes = {
					E077229B216D6B4B00036568 = {
						CreatedOnToolsVersion = 10.0;
						TestTargetID = E09BD63B21698148009230EB;
					};
					E09BD63B21698148009230EB = {
						CreatedOnToolsVersion = 10.0;
					};
				};
			};
			buildConfigurationList = E09BD63721698148009230EB /* Build configuration list for PBXProject "File" */;
			compatibilityVersion = "Xcode 9.3";
			developmentRegion = en;
			hasScannedForEncodings = 0;
			knownRegions = (
				en,
				Base,
			);
			mainGroup = E09BD63321698148009230EB;
			productRefGroup = E09BD63D21698148009230EB /* Products */;
			projectDirPath = "";
			projectRoot = "";
			targets = (
				E09BD63B21698148009230EB /* File */,
				E077229B216D6B4B00036568 /* FileTests */,
			);
		};
/* End PBXProject section */

/* Begin PBXResourcesBuildPhase section */
		E077229A216D6B4B00036568 /* Resources */ = {
			isa = PBXResourcesBuildPhase;
			buildActionMask = 2147483647;
			files = (
			);
			runOnlyForDeploymentPostprocessing = 0;
		};
		E09BD63A21698148009230EB /* Resources */ = {
			isa = PBXResourcesBuildPhase;
			buildActionMask = 2147483647;
			files = (
				E09BD64A2169814A009230EB /* LaunchScreen.storyboard in Resources */,
				E09BD6472169814A009230EB /* Assets.xcassets in Resources */,
				E09BD64521698148009230EB /* Main.storyboard in Resources */,
			);
			runOnlyForDeploymentPostprocessing = 0;
		};
/* End PBXResourcesBuildPhase section */

/* Begin PBXSourcesBuildPhase section */
		E0772298216D6B4B00036568 /* Sources */ = {
			isa = PBXSourcesBuildPhase;
			buildActionMask = 2147483647;
			files = (
				E077229F216D6B4B00036568 /* FileTests.swift in Sources */,
				E07722A6216D6BB000036568 /* File.swift in Sources */,
			);
			runOnlyForDeploymentPostprocessing = 0;
		};
		E09BD63821698148009230EB /* Sources */ = {
			isa = PBXSourcesBuildPhase;
			buildActionMask = 2147483647;
			files = (
				E09BD64221698148009230EB /* ViewController.swift in Sources */,
				E09BD65221698182009230EB /* File.swift in Sources */,
				E09BD64021698148009230EB /* AppDelegate.swift in Sources */,
				E09BD654216981C6009230EB /* SampleData.swift in Sources */,
			);
			runOnlyForDeploymentPostprocessing = 0;
		};
/* End PBXSourcesBuildPhase section */

/* Begin PBXTargetDependency section */
		E07722A2216D6B4B00036568 /* PBXTargetDependency */ = {
			isa = PBXTargetDependency;
			target = E09BD63B21698148009230EB /* File */;
			targetProxy = E07722A1216D6B4B00036568 /* PBXContainerItemProxy */;
		};
/* End PBXTargetDependency section */

/* Begin PBXVariantGroup section */
		E09BD64321698148009230EB /* Main.storyboard */ = {
			isa = PBXVariantGroup;
			children = (
				E09BD64421698148009230EB /* Base */,
			);
			name = Main.storyboard;
			sourceTree = "<group>";
		};
		E09BD6482169814A009230EB /* LaunchScreen.storyboard */ = {
			isa = PBXVariantGroup;
			children = (
				E09BD6492169814A009230EB /* Base */,
			);
			name = LaunchScreen.storyboard;
			sourceTree = "<group>";
		};
/* End PBXVariantGroup section */

/* Begin XCBuildConfiguration section */
		E07722A3216D6B4B00036568 /* Debug */ = {
			isa = XCBuildConfiguration;
			buildSettings = {
				BUNDLE_LOADER = "$(TEST_HOST)";
				CODE_SIGN_STYLE = Automatic;
				DEVELOPMENT_TEAM = TJLN73FNPN;
				INFOPLIST_FILE = FileTests/Info.plist;
				LD_RUNPATH_SEARCH_PATHS = (
					"$(inherited)",
					"@executable_path/Frameworks",
					"@loader_path/Frameworks",
				);
				PRODUCT_BUNDLE_IDENTIFIER = com.conxsys.FileTests;
				PRODUCT_NAME = "$(TARGET_NAME)";
				SWIFT_VERSION = 4.2;
				TARGETED_DEVICE_FAMILY = "1,2";
				TEST_HOST = "$(BUILT_PRODUCTS_DIR)/File.app/File";
			};
			name = Debug;
		};
		E07722A4216D6B4B00036568 /* Release */ = {
			isa = XCBuildConfiguration;
			buildSettings = {
				BUNDLE_LOADER = "$(TEST_HOST)";
				CODE_SIGN_STYLE = Automatic;
				DEVELOPMENT_TEAM = TJLN73FNPN;
				INFOPLIST_FILE = FileTests/Info.plist;
				LD_RUNPATH_SEARCH_PATHS = (
					"$(inherited)",
					"@executable_path/Frameworks",
					"@loader_path/Frameworks",
				);
				PRODUCT_BUNDLE_IDENTIFIER = com.conxsys.FileTests;
				PRODUCT_NAME = "$(TARGET_NAME)";
				SWIFT_VERSION = 4.2;
				TARGETED_DEVICE_FAMILY = "1,2";
				TEST_HOST = "$(BUILT_PRODUCTS_DIR)/File.app/File";
			};
			name = Release;
		};
		E09BD64C2169814A009230EB /* Debug */ = {
			isa = XCBuildConfiguration;
			buildSettings = {
				ALWAYS_SEARCH_USER_PATHS = NO;
				CLANG_ANALYZER_NONNULL = YES;
				CLANG_ANALYZER_NUMBER_OBJECT_CONVERSION = YES_AGGRESSIVE;
				CLANG_CXX_LANGUAGE_STANDARD = "gnu++14";
				CLANG_CXX_LIBRARY = "libc++";
				CLANG_ENABLE_MODULES = YES;
				CLANG_ENABLE_OBJC_ARC = YES;
				CLANG_ENABLE_OBJC_WEAK = YES;
				CLANG_WARN_BLOCK_CAPTURE_AUTORELEASING = YES;
				CLANG_WARN_BOOL_CONVERSION = YES;
				CLANG_WARN_COMMA = YES;
				CLANG_WARN_CONSTANT_CONVERSION = YES;
				CLANG_WARN_DEPRECATED_OBJC_IMPLEMENTATIONS = YES;
				CLANG_WARN_DIRECT_OBJC_ISA_USAGE = YES_ERROR;
				CLANG_WARN_DOCUMENTATION_COMMENTS = YES;
				CLANG_WARN_EMPTY_BODY = YES;
				CLANG_WARN_ENUM_CONVERSION = YES;
				CLANG_WARN_INFINITE_RECURSION = YES;
				CLANG_WARN_INT_CONVERSION = YES;
				CLANG_WARN_NON_LITERAL_NULL_CONVERSION = YES;
				CLANG_WARN_OBJC_IMPLICIT_RETAIN_SELF = YES;
				CLANG_WARN_OBJC_LITERAL_CONVERSION = YES;
				CLANG_WARN_OBJC_ROOT_CLASS = YES_ERROR;
				CLANG_WARN_RANGE_LOOP_ANALYSIS = YES;
				CLANG_WARN_STRICT_PROTOTYPES = YES;
				CLANG_WARN_SUSPICIOUS_MOVE = YES;
				CLANG_WARN_UNGUARDED_AVAILABILITY = YES_AGGRESSIVE;
				CLANG_WARN_UNREACHABLE_CODE = YES;
				CLANG_WARN__DUPLICATE_METHOD_MATCH = YES;
				CODE_SIGN_IDENTITY = "iPhone Developer";
				COPY_PHASE_STRIP = NO;
				DEBUG_INFORMATION_FORMAT = dwarf;
				ENABLE_STRICT_OBJC_MSGSEND = YES;
				ENABLE_TESTABILITY = YES;
				GCC_C_LANGUAGE_STANDARD = gnu11;
				GCC_DYNAMIC_NO_PIC = NO;
				GCC_NO_COMMON_BLOCKS = YES;
				GCC_OPTIMIZATION_LEVEL = 0;
				GCC_PREPROCESSOR_DEFINITIONS = (
					"DEBUG=1",
					"$(inherited)",
				);
				GCC_WARN_64_TO_32_BIT_CONVERSION = YES;
				GCC_WARN_ABOUT_RETURN_TYPE = YES_ERROR;
				GCC_WARN_UNDECLARED_SELECTOR = YES;
				GCC_WARN_UNINITIALIZED_AUTOS = YES_AGGRESSIVE;
				GCC_WARN_UNUSED_FUNCTION = YES;
				GCC_WARN_UNUSED_VARIABLE = YES;
				IPHONEOS_DEPLOYMENT_TARGET = 12.0;
				MTL_ENABLE_DEBUG_INFO = INCLUDE_SOURCE;
				MTL_FAST_MATH = YES;
				ONLY_ACTIVE_ARCH = YES;
				SDKROOT = iphoneos;
				SWIFT_ACTIVE_COMPILATION_CONDITIONS = DEBUG;
				SWIFT_OPTIMIZATION_LEVEL = "-Onone";
			};
			name = Debug;
		};
		E09BD64D2169814A009230EB /* Release */ = {
			isa = XCBuildConfiguration;
			buildSettings = {
				ALWAYS_SEARCH_USER_PATHS = NO;
				CLANG_ANALYZER_NONNULL = YES;
				CLANG_ANALYZER_NUMBER_OBJECT_CONVERSION = YES_AGGRESSIVE;
				CLANG_CXX_LANGUAGE_STANDARD = "gnu++14";
				CLANG_CXX_LIBRARY = "libc++";
				CLANG_ENABLE_MODULES = YES;
				CLANG_ENABLE_OBJC_ARC = YES;
				CLANG_ENABLE_OBJC_WEAK = YES;
				CLANG_WARN_BLOCK_CAPTURE_AUTORELEASING = YES;
				CLANG_WARN_BOOL_CONVERSION = YES;
				CLANG_WARN_COMMA = YES;
				CLANG_WARN_CONSTANT_CONVERSION = YES;
				CLANG_WARN_DEPRECATED_OBJC_IMPLEMENTATIONS = YES;
				CLANG_WARN_DIRECT_OBJC_ISA_USAGE = YES_ERROR;
				CLANG_WARN_DOCUMENTATION_COMMENTS = YES;
				CLANG_WARN_EMPTY_BODY = YES;
				CLANG_WARN_ENUM_CONVERSION = YES;
				CLANG_WARN_INFINITE_RECURSION = YES;
				CLANG_WARN_INT_CONVERSION = YES;
				CLANG_WARN_NON_LITERAL_NULL_CONVERSION = YES;
				CLANG_WARN_OBJC_IMPLICIT_RETAIN_SELF = YES;
				CLANG_WARN_OBJC_LITERAL_CONVERSION = YES;
				CLANG_WARN_OBJC_ROOT_CLASS = YES_ERROR;
				CLANG_WARN_RANGE_LOOP_ANALYSIS = YES;
				CLANG_WARN_STRICT_PROTOTYPES = YES;
				CLANG_WARN_SUSPICIOUS_MOVE = YES;
				CLANG_WARN_UNGUARDED_AVAILABILITY = YES_AGGRESSIVE;
				CLANG_WARN_UNREACHABLE_CODE = YES;
				CLANG_WARN__DUPLICATE_METHOD_MATCH = YES;
				CODE_SIGN_IDENTITY = "iPhone Developer";
				COPY_PHASE_STRIP = NO;
				DEBUG_INFORMATION_FORMAT = "dwarf-with-dsym";
				ENABLE_NS_ASSERTIONS = NO;
				ENABLE_STRICT_OBJC_MSGSEND = YES;
				GCC_C_LANGUAGE_STANDARD = gnu11;
				GCC_NO_COMMON_BLOCKS = YES;
				GCC_WARN_64_TO_32_BIT_CONVERSION = YES;
				GCC_WARN_ABOUT_RETURN_TYPE = YES_ERROR;
				GCC_WARN_UNDECLARED_SELECTOR = YES;
				GCC_WARN_UNINITIALIZED_AUTOS = YES_AGGRESSIVE;
				GCC_WARN_UNUSED_FUNCTION = YES;
				GCC_WARN_UNUSED_VARIABLE = YES;
				IPHONEOS_DEPLOYMENT_TARGET = 12.0;
				MTL_ENABLE_DEBUG_INFO = NO;
				MTL_FAST_MATH = YES;
				SDKROOT = iphoneos;
				SWIFT_COMPILATION_MODE = wholemodule;
				SWIFT_OPTIMIZATION_LEVEL = "-O";
				VALIDATE_PRODUCT = YES;
			};
			name = Release;
		};
		E09BD64F2169814A009230EB /* Debug */ = {
			isa = XCBuildConfiguration;
			buildSettings = {
				ASSETCATALOG_COMPILER_APPICON_NAME = AppIcon;
				CODE_SIGN_STYLE = Automatic;
				DEVELOPMENT_TEAM = TJLN73FNPN;
				INFOPLIST_FILE = File/Info.plist;
				LD_RUNPATH_SEARCH_PATHS = (
					"$(inherited)",
					"@executable_path/Frameworks",
				);
				PRODUCT_BUNDLE_IDENTIFIER = com.conxsys.File;
				PRODUCT_NAME = "$(TARGET_NAME)";
				SWIFT_VERSION = 4.2;
				TARGETED_DEVICE_FAMILY = "1,2";
			};
			name = Debug;
		};
		E09BD6502169814A009230EB /* Release */ = {
			isa = XCBuildConfiguration;
			buildSettings = {
				ASSETCATALOG_COMPILER_APPICON_NAME = AppIcon;
				CODE_SIGN_STYLE = Automatic;
				DEVELOPMENT_TEAM = TJLN73FNPN;
				INFOPLIST_FILE = File/Info.plist;
				LD_RUNPATH_SEARCH_PATHS = (
					"$(inherited)",
					"@executable_path/Frameworks",
				);
				PRODUCT_BUNDLE_IDENTIFIER = com.conxsys.File;
				PRODUCT_NAME = "$(TARGET_NAME)";
				SWIFT_VERSION = 4.2;
				TARGETED_DEVICE_FAMILY = "1,2";
			};
			name = Release;
		};
/* End XCBuildConfiguration section */

/* Begin XCConfigurationList section */
		E07722A5216D6B4B00036568 /* Build configuration list for PBXNativeTarget "FileTests" */ = {
			isa = XCConfigurationList;
			buildConfigurations = (
				E07722A3216D6B4B00036568 /* Debug */,
				E07722A4216D6B4B00036568 /* Release */,
			);
			defaultConfigurationIsVisible = 0;
			defaultConfigurationName = Release;
		};
		E09BD63721698148009230EB /* Build configuration list for PBXProject "File" */ = {
			isa = XCConfigurationList;
			buildConfigurations = (
				E09BD64C2169814A009230EB /* Debug */,
				E09BD64D2169814A009230EB /* Release */,
			);
			defaultConfigurationIsVisible = 0;
			defaultConfigurationName = Release;
		};
		E09BD64E2169814A009230EB /* Build configuration list for PBXNativeTarget "File" */ = {
			isa = XCConfigurationList;
			buildConfigurations = (
				E09BD64F2169814A009230EB /* Debug */,
				E09BD6502169814A009230EB /* Release */,
			);
			defaultConfigurationIsVisible = 0;
			defaultConfigurationName = Release;
		};
/* End XCConfigurationList section */
	};
	rootObject = E09BD63421698148009230EB /* Project object */;
}
